// !$*UTF8*$!
{
	archiveVersion = 1;
	classes = {
	};
	objectVersion = 56;
	objects = {

/* Begin PBXBuildFile section */
		2A2DC4C02A30C1AE00E3421F /* apicallApp.swift in Sources */ = {isa = PBXBuildFile; fileRef = 2A2DC4BF2A30C1AE00E3421F /* apicallApp.swift */; };
		2A2DC4C22A30C1AE00E3421F /* ContentView.swift in Sources */ = {isa = PBXBuildFile; fileRef = 2A2DC4C12A30C1AE00E3421F /* ContentView.swift */; };
		2A2DC4C42A30C1B000E3421F /* Assets.xcassets in Resources */ = {isa = PBXBuildFile; fileRef = 2A2DC4C32A30C1B000E3421F /* Assets.xcassets */; };
		2A2DC4C72A30C1B000E3421F /* Preview Assets.xcassets in Resources */ = {isa = PBXBuildFile; fileRef = 2A2DC4C62A30C1B000E3421F /* Preview Assets.xcassets */; };
		2A2DC4D52A30CD8900E3421F /* PostView.swift in Sources */ = {isa = PBXBuildFile; fileRef = 2A2DC4D42A30CD8900E3421F /* PostView.swift */; };
		2A2DC4D72A30CDE400E3421F /* viewModel.swift in Sources */ = {isa = PBXBuildFile; fileRef = 2A2DC4D62A30CDE400E3421F /* viewModel.swift */; };
		2A2DC4DB2A33851C00E3421F /* GetView.swift in Sources */ = {isa = PBXBuildFile; fileRef = 2A2DC4DA2A33851C00E3421F /* GetView.swift */; };
		2A2DC4FA2A3612BE00E3421F /* MainView.swift in Sources */ = {isa = PBXBuildFile; fileRef = 2A2DC4F92A3612BE00E3421F /* MainView.swift */; };
		2A2DC4FC2A3614DA00E3421F /* WorldSkillEventView.swift in Sources */ = {isa = PBXBuildFile; fileRef = 2A2DC4FB2A3614DA00E3421F /* WorldSkillEventView.swift */; };
		2A2DC4FE2A3626EE00E3421F /* EventDetailView.swift in Sources */ = {isa = PBXBuildFile; fileRef = 2A2DC4FD2A3626EE00E3421F /* EventDetailView.swift */; };
		2A2DC5002A36DB7700E3421F /* ImagesView.swift in Sources */ = {isa = PBXBuildFile; fileRef = 2A2DC4FF2A36DB7700E3421F /* ImagesView.swift */; };
		2A2DC5022A37149C00E3421F /* EventImageView.swift in Sources */ = {isa = PBXBuildFile; fileRef = 2A2DC5012A37149C00E3421F /* EventImageView.swift */; };
/* End PBXBuildFile section */

/* Begin PBXFileReference section */
		2A2DC4BC2A30C1AE00E3421F /* apicall.app */ = {isa = PBXFileReference; explicitFileType = wrapper.application; includeInIndex = 0; path = apicall.app; sourceTree = BUILT_PRODUCTS_DIR; };
		2A2DC4BF2A30C1AE00E3421F /* apicallApp.swift */ = {isa = PBXFileReference; lastKnownFileType = sourcecode.swift; path = apicallApp.swift; sourceTree = "<group>"; };
		2A2DC4C12A30C1AE00E3421F /* ContentView.swift */ = {isa = PBXFileReference; lastKnownFileType = sourcecode.swift; path = ContentView.swift; sourceTree = "<group>"; };
		2A2DC4C32A30C1B000E3421F /* Assets.xcassets */ = {isa = PBXFileReference; lastKnownFileType = folder.assetcatalog; path = Assets.xcassets; sourceTree = "<group>"; };
		2A2DC4C62A30C1B000E3421F /* Preview Assets.xcassets */ = {isa = PBXFileReference; lastKnownFileType = folder.assetcatalog; path = "Preview Assets.xcassets"; sourceTree = "<group>"; };
		2A2DC4D32A30CB5400E3421F /* Info.plist */ = {isa = PBXFileReference; lastKnownFileType = text.plist; path = Info.plist; sourceTree = "<group>"; };
		2A2DC4D42A30CD8900E3421F /* PostView.swift */ = {isa = PBXFileReference; lastKnownFileType = sourcecode.swift; path = PostView.swift; sourceTree = "<group>"; };
		2A2DC4D62A30CDE400E3421F /* viewModel.swift */ = {isa = PBXFileReference; lastKnownFileType = sourcecode.swift; path = viewModel.swift; sourceTree = "<group>"; };
		2A2DC4DA2A33851C00E3421F /* GetView.swift */ = {isa = PBXFileReference; lastKnownFileType = sourcecode.swift; path = GetView.swift; sourceTree = "<group>"; };
		2A2DC4F92A3612BE00E3421F /* MainView.swift */ = {isa = PBXFileReference; lastKnownFileType = sourcecode.swift; path = MainView.swift; sourceTree = "<group>"; };
		2A2DC4FB2A3614DA00E3421F /* WorldSkillEventView.swift */ = {isa = PBXFileReference; lastKnownFileType = sourcecode.swift; path = WorldSkillEventView.swift; sourceTree = "<group>"; };
		2A2DC4FD2A3626EE00E3421F /* EventDetailView.swift */ = {isa = PBXFileReference; lastKnownFileType = sourcecode.swift; path = EventDetailView.swift; sourceTree = "<group>"; };
		2A2DC4FF2A36DB7700E3421F /* ImagesView.swift */ = {isa = PBXFileReference; lastKnownFileType = sourcecode.swift; path = ImagesView.swift; sourceTree = "<group>"; };
		2A2DC5012A37149C00E3421F /* EventImageView.swift */ = {isa = PBXFileReference; lastKnownFileType = sourcecode.swift; path = EventImageView.swift; sourceTree = "<group>"; };
/* End PBXFileReference section */

/* Begin PBXFrameworksBuildPhase section */
		2A2DC4B92A30C1AE00E3421F /* Frameworks */ = {
			isa = PBXFrameworksBuildPhase;
			buildActionMask = 2147483647;
			files = (
			);
			runOnlyForDeploymentPostprocessing = 0;
		};
/* End PBXFrameworksBuildPhase section */

/* Begin PBXGroup section */
		2A2DC4B32A30C1AE00E3421F = {
			isa = PBXGroup;
			children = (
				2A2DC4BE2A30C1AE00E3421F /* apicall */,
				2A2DC4BD2A30C1AE00E3421F /* Products */,
			);
			sourceTree = "<group>";
		};
		2A2DC4BD2A30C1AE00E3421F /* Products */ = {
			isa = PBXGroup;
			children = (
				2A2DC4BC2A30C1AE00E3421F /* apicall.app */,
			);
			name = Products;
			sourceTree = "<group>";
		};
		2A2DC4BE2A30C1AE00E3421F /* apicall */ = {
			isa = PBXGroup;
			children = (
				2A2DC4D32A30CB5400E3421F /* Info.plist */,
				2A2DC4BF2A30C1AE00E3421F /* apicallApp.swift */,
				2A2DC4C12A30C1AE00E3421F /* ContentView.swift */,
				2A2DC4F92A3612BE00E3421F /* MainView.swift */,
				2A2DC4DA2A33851C00E3421F /* GetView.swift */,
				2A2DC4D42A30CD8900E3421F /* PostView.swift */,
				2A2DC4FB2A3614DA00E3421F /* WorldSkillEventView.swift */,
				2A2DC5012A37149C00E3421F /* EventImageView.swift */,
				2A2DC4FF2A36DB7700E3421F /* ImagesView.swift */,
				2A2DC4FD2A3626EE00E3421F /* EventDetailView.swift */,
				2A2DC4D62A30CDE400E3421F /* viewModel.swift */,
				2A2DC4C32A30C1B000E3421F /* Assets.xcassets */,
				2A2DC4C52A30C1B000E3421F /* Preview Content */,
			);
			path = apicall;
			sourceTree = "<group>";
		};
		2A2DC4C52A30C1B000E3421F /* Preview Content */ = {
			isa = PBXGroup;
			children = (
				2A2DC4C62A30C1B000E3421F /* Preview Assets.xcassets */,
			);
			path = "Preview Content";
			sourceTree = "<group>";
		};
/* End PBXGroup section */

/* Begin PBXNativeTarget section */
		2A2DC4BB2A30C1AE00E3421F /* apicall */ = {
			isa = PBXNativeTarget;
			buildConfigurationList = 2A2DC4CA2A30C1B000E3421F /* Build configuration list for PBXNativeTarget "apicall" */;
			buildPhases = (
				2A2DC4B82A30C1AE00E3421F /* Sources */,
				2A2DC4B92A30C1AE00E3421F /* Frameworks */,
				2A2DC4BA2A30C1AE00E3421F /* Resources */,
			);
			buildRules = (
			);
			dependencies = (
			);
			name = apicall;
			productName = apicall;
			productReference = 2A2DC4BC2A30C1AE00E3421F /* apicall.app */;
			productType = "com.apple.product-type.application";
		};
/* End PBXNativeTarget section */

/* Begin PBXProject section */
		2A2DC4B42A30C1AE00E3421F /* Project object */ = {
			isa = PBXProject;
			attributes = {
				BuildIndependentTargetsInParallel = 1;
				LastSwiftUpdateCheck = 1420;
				LastUpgradeCheck = 1420;
				TargetAttributes = {
					2A2DC4BB2A30C1AE00E3421F = {
						CreatedOnToolsVersion = 14.2;
					};
				};
			};
			buildConfigurationList = 2A2DC4B72A30C1AE00E3421F /* Build configuration list for PBXProject "apicall" */;
			compatibilityVersion = "Xcode 14.0";
			developmentRegion = en;
			hasScannedForEncodings = 0;
			knownRegions = (
				en,
				Base,
			);
			mainGroup = 2A2DC4B32A30C1AE00E3421F;
			productRefGroup = 2A2DC4BD2A30C1AE00E3421F /* Products */;
			projectDirPath = "";
			projectRoot = "";
			targets = (
				2A2DC4BB2A30C1AE00E3421F /* apicall */,
			);
		};
/* End PBXProject section */

/* Begin PBXResourcesBuildPhase section */
		2A2DC4BA2A30C1AE00E3421F /* Resources */ = {
			isa = PBXResourcesBuildPhase;
			buildActionMask = 2147483647;
			files = (
				2A2DC4C72A30C1B000E3421F /* Preview Assets.xcassets in Resources */,
				2A2DC4C42A30C1B000E3421F /* Assets.xcassets in Resources */,
			);
			runOnlyForDeploymentPostprocessing = 0;
		};
/* End PBXResourcesBuildPhase section */

/* Begin PBXSourcesBuildPhase section */
		2A2DC4B82A30C1AE00E3421F /* Sources */ = {
			isa = PBXSourcesBuildPhase;
			buildActionMask = 2147483647;
			files = (
				2A2DC4FE2A3626EE00E3421F /* EventDetailView.swift in Sources */,
				2A2DC4C22A30C1AE00E3421F /* ContentView.swift in Sources */,
				2A2DC5002A36DB7700E3421F /* ImagesView.swift in Sources */,
				2A2DC4FA2A3612BE00E3421F /* MainView.swift in Sources */,
				2A2DC4DB2A33851C00E3421F /* GetView.swift in Sources */,
				2A2DC4D52A30CD8900E3421F /* PostView.swift in Sources */,
				2A2DC4D72A30CDE400E3421F /* viewModel.swift in Sources */,
				2A2DC5022A37149C00E3421F /* EventImageView.swift in Sources */,
				2A2DC4C02A30C1AE00E3421F /* apicallApp.swift in Sources */,
				2A2DC4FC2A3614DA00E3421F /* WorldSkillEventView.swift in Sources */,
			);
			runOnlyForDeploymentPostprocessing = 0;
		};
/* End PBXSourcesBuildPhase section */

/* Begin XCBuildConfiguration section */
		2A2DC4C82A30C1B000E3421F /* Debug */ = {
			isa = XCBuildConfiguration;
			buildSettings = {
				ALWAYS_SEARCH_USER_PATHS = NO;
				CLANG_ANALYZER_NONNULL = YES;
				CLANG_ANALYZER_NUMBER_OBJECT_CONVERSION = YES_AGGRESSIVE;
				CLANG_CXX_LANGUAGE_STANDARD = "gnu++20";
				CLANG_ENABLE_MODULES = YES;
				CLANG_ENABLE_OBJC_ARC = YES;
				CLANG_ENABLE_OBJC_WEAK = YES;
				CLANG_WARN_BLOCK_CAPTURE_AUTORELEASING = YES;
				CLANG_WARN_BOOL_CONVERSION = YES;
				CLANG_WARN_COMMA = YES;
				CLANG_WARN_CONSTANT_CONVERSION = YES;
				CLANG_WARN_DEPRECATED_OBJC_IMPLEMENTATIONS = YES;
				CLANG_WARN_DIRECT_OBJC_ISA_USAGE = YES_ERROR;
				CLANG_WARN_DOCUMENTATION_COMMENTS = YES;
				CLANG_WARN_EMPTY_BODY = YES;
				CLANG_WARN_ENUM_CONVERSION = YES;
				CLANG_WARN_INFINITE_RECURSION = YES;
				CLANG_WARN_INT_CONVERSION = YES;
				CLANG_WARN_NON_LITERAL_NULL_CONVERSION = YES;
				CLANG_WARN_OBJC_IMPLICIT_RETAIN_SELF = YES;
				CLANG_WARN_OBJC_LITERAL_CONVERSION = YES;
				CLANG_WARN_OBJC_ROOT_CLASS = YES_ERROR;
				CLANG_WARN_QUOTED_INCLUDE_IN_FRAMEWORK_HEADER = YES;
				CLANG_WARN_RANGE_LOOP_ANALYSIS = YES;
				CLANG_WARN_STRICT_PROTOTYPES = YES;
				CLANG_WARN_SUSPICIOUS_MOVE = YES;
				CLANG_WARN_UNGUARDED_AVAILABILITY = YES_AGGRESSIVE;
				CLANG_WARN_UNREACHABLE_CODE = YES;
				CLANG_WARN__DUPLICATE_METHOD_MATCH = YES;
				COPY_PHASE_STRIP = NO;
				DEBUG_INFORMATION_FORMAT = dwarf;
				ENABLE_STRICT_OBJC_MSGSEND = YES;
				ENABLE_TESTABILITY = YES;
				GCC_C_LANGUAGE_STANDARD = gnu11;
				GCC_DYNAMIC_NO_PIC = NO;
				GCC_NO_COMMON_BLOCKS = YES;
				GCC_OPTIMIZATION_LEVEL = 0;
				GCC_PREPROCESSOR_DEFINITIONS = (
					"DEBUG=1",
					"$(inherited)",
				);
				GCC_WARN_64_TO_32_BIT_CONVERSION = YES;
				GCC_WARN_ABOUT_RETURN_TYPE = YES_ERROR;
				GCC_WARN_UNDECLARED_SELECTOR = YES;
				GCC_WARN_UNINITIALIZED_AUTOS = YES_AGGRESSIVE;
				GCC_WARN_UNUSED_FUNCTION = YES;
				GCC_WARN_UNUSED_VARIABLE = YES;
				IPHONEOS_DEPLOYMENT_TARGET = 16.2;
				MTL_ENABLE_DEBUG_INFO = INCLUDE_SOURCE;
				MTL_FAST_MATH = YES;
				ONLY_ACTIVE_ARCH = YES;
				SDKROOT = iphoneos;
				SWIFT_ACTIVE_COMPILATION_CONDITIONS = DEBUG;
				SWIFT_OPTIMIZATION_LEVEL = "-Onone";
			};
			name = Debug;
		};
		2A2DC4C92A30C1B000E3421F /* Release */ = {
			isa = XCBuildConfiguration;
			buildSettings = {
				ALWAYS_SEARCH_USER_PATHS = NO;
				CLANG_ANALYZER_NONNULL = YES;
				CLANG_ANALYZER_NUMBER_OBJECT_CONVERSION = YES_AGGRESSIVE;
				CLANG_CXX_LANGUAGE_STANDARD = "gnu++20";
				CLANG_ENABLE_MODULES = YES;
				CLANG_ENABLE_OBJC_ARC = YES;
				CLANG_ENABLE_OBJC_WEAK = YES;
				CLANG_WARN_BLOCK_CAPTURE_AUTORELEASING = YES;
				CLANG_WARN_BOOL_CONVERSION = YES;
				CLANG_WARN_COMMA = YES;
				CLANG_WARN_CONSTANT_CONVERSION = YES;
				CLANG_WARN_DEPRECATED_OBJC_IMPLEMENTATIONS = YES;
				CLANG_WARN_DIRECT_OBJC_ISA_USAGE = YES_ERROR;
				CLANG_WARN_DOCUMENTATION_COMMENTS = YES;
				CLANG_WARN_EMPTY_BODY = YES;
				CLANG_WARN_ENUM_CONVERSION = YES;
				CLANG_WARN_INFINITE_RECURSION = YES;
				CLANG_WARN_INT_CONVERSION = YES;
				CLANG_WARN_NON_LITERAL_NULL_CONVERSION = YES;
				CLANG_WARN_OBJC_IMPLICIT_RETAIN_SELF = YES;
				CLANG_WARN_OBJC_LITERAL_CONVERSION = YES;
				CLANG_WARN_OBJC_ROOT_CLASS = YES_ERROR;
				CLANG_WARN_QUOTED_INCLUDE_IN_FRAMEWORK_HEADER = YES;
				CLANG_WARN_RANGE_LOOP_ANALYSIS = YES;
				CLANG_WARN_STRICT_PROTOTYPES = YES;
				CLANG_WARN_SUSPICIOUS_MOVE = YES;
				CLANG_WARN_UNGUARDED_AVAILABILITY = YES_AGGRESSIVE;
				CLANG_WARN_UNREACHABLE_CODE = YES;
				CLANG_WARN__DUPLICATE_METHOD_MATCH = YES;
				COPY_PHASE_STRIP = NO;
				DEBUG_INFORMATION_FORMAT = "dwarf-with-dsym";
				ENABLE_NS_ASSERTIONS = NO;
				ENABLE_STRICT_OBJC_MSGSEND = YES;
				GCC_C_LANGUAGE_STANDARD = gnu11;
				GCC_NO_COMMON_BLOCKS = YES;
				GCC_WARN_64_TO_32_BIT_CONVERSION = YES;
				GCC_WARN_ABOUT_RETURN_TYPE = YES_ERROR;
				GCC_WARN_UNDECLARED_SELECTOR = YES;
				GCC_WARN_UNINITIALIZED_AUTOS = YES_AGGRESSIVE;
				GCC_WARN_UNUSED_FUNCTION = YES;
				GCC_WARN_UNUSED_VARIABLE = YES;
				IPHONEOS_DEPLOYMENT_TARGET = 16.2;
				MTL_ENABLE_DEBUG_INFO = NO;
				MTL_FAST_MATH = YES;
				SDKROOT = iphoneos;
				SWIFT_COMPILATION_MODE = wholemodule;
				SWIFT_OPTIMIZATION_LEVEL = "-O";
				VALIDATE_PRODUCT = YES;
			};
			name = Release;
		};
		2A2DC4CB2A30C1B000E3421F /* Debug */ = {
			isa = XCBuildConfiguration;
			buildSettings = {
				ASSETCATALOG_COMPILER_APPICON_NAME = AppIcon;
				ASSETCATALOG_COMPILER_GLOBAL_ACCENT_COLOR_NAME = AccentColor;
				CODE_SIGN_STYLE = Automatic;
				CURRENT_PROJECT_VERSION = 1;
				DEVELOPMENT_ASSET_PATHS = "\"apicall/Preview Content\"";
				DEVELOPMENT_TEAM = 7ACHJ3BS97;
				ENABLE_PREVIEWS = YES;
				GENERATE_INFOPLIST_FILE = YES;
				INFOPLIST_FILE = apicall/Info.plist;
				INFOPLIST_KEY_UIApplicationSceneManifest_Generation = YES;
				INFOPLIST_KEY_UIApplicationSupportsIndirectInputEvents = YES;
				INFOPLIST_KEY_UILaunchScreen_Generation = YES;
				INFOPLIST_KEY_UISupportedInterfaceOrientations_iPad = "UIInterfaceOrientationPortrait UIInterfaceOrientationPortraitUpsideDown UIInterfaceOrientationLandscapeLeft UIInterfaceOrientationLandscapeRight";
				INFOPLIST_KEY_UISupportedInterfaceOrientations_iPhone = "UIInterfaceOrientationPortrait UIInterfaceOrientationLandscapeLeft UIInterfaceOrientationLandscapeRight";
				LD_RUNPATH_SEARCH_PATHS = (
					"$(inherited)",
					"@executable_path/Frameworks",
				);
				MARKETING_VERSION = 1.0;
				PRODUCT_BUNDLE_IDENTIFIER = com.tommer.apicall;
				PRODUCT_NAME = "$(TARGET_NAME)";
				SWIFT_EMIT_LOC_STRINGS = YES;
				SWIFT_VERSION = 5.0;
				TARGETED_DEVICE_FAMILY = "1,2";
			};
			name = Debug;
		};
		2A2DC4CC2A30C1B000E3421F /* Release */ = {
			isa = XCBuildConfiguration;
			buildSettings = {
				ASSETCATALOG_COMPILER_APPICON_NAME = AppIcon;
				ASSETCATALOG_COMPILER_GLOBAL_ACCENT_COLOR_NAME = AccentColor;
				CODE_SIGN_STYLE = Automatic;
				CURRENT_PROJECT_VERSION = 1;
				DEVELOPMENT_ASSET_PATHS = "\"apicall/Preview Content\"";
				DEVELOPMENT_TEAM = 7ACHJ3BS97;
				ENABLE_PREVIEWS = YES;
				GENERATE_INFOPLIST_FILE = YES;
				INFOPLIST_FILE = apicall/Info.plist;
				INFOPLIST_KEY_UIApplicationSceneManifest_Generation = YES;
				INFOPLIST_KEY_UIApplicationSupportsIndirectInputEvents = YES;
				INFOPLIST_KEY_UILaunchScreen_Generation = YES;
				INFOPLIST_KEY_UISupportedInterfaceOrientations_iPad = "UIInterfaceOrientationPortrait UIInterfaceOrientationPortraitUpsideDown UIInterfaceOrientationLandscapeLeft UIInterfaceOrientationLandscapeRight";
				INFOPLIST_KEY_UISupportedInterfaceOrientations_iPhone = "UIInterfaceOrientationPortrait UIInterfaceOrientationLandscapeLeft UIInterfaceOrientationLandscapeRight";
				LD_RUNPATH_SEARCH_PATHS = (
					"$(inherited)",
					"@executable_path/Frameworks",
				);
				MARKETING_VERSION = 1.0;
				PRODUCT_BUNDLE_IDENTIFIER = com.tommer.apicall;
				PRODUCT_NAME = "$(TARGET_NAME)";
				SWIFT_EMIT_LOC_STRINGS = YES;
				SWIFT_VERSION = 5.0;
				TARGETED_DEVICE_FAMILY = "1,2";
			};
			name = Release;
		};
/* End XCBuildConfiguration section */

/* Begin XCConfigurationList section */
		2A2DC4B72A30C1AE00E3421F /* Build configuration list for PBXProject "apicall" */ = {
			isa = XCConfigurationList;
			buildConfigurations = (
				2A2DC4C82A30C1B000E3421F /* Debug */,
				2A2DC4C92A30C1B000E3421F /* Release */,
			);
			defaultConfigurationIsVisible = 0;
			defaultConfigurationName = Release;
		};
		2A2DC4CA2A30C1B000E3421F /* Build configuration list for PBXNativeTarget "apicall" */ = {
			isa = XCConfigurationList;
			buildConfigurations = (
				2A2DC4CB2A30C1B000E3421F /* Debug */,
				2A2DC4CC2A30C1B000E3421F /* Release */,
			);
			defaultConfigurationIsVisible = 0;
			defaultConfigurationName = Release;
		};
/* End XCConfigurationList section */
	};
	rootObject = 2A2DC4B42A30C1AE00E3421F /* Project object */;
}
